
Microsoft Visual Studio Solution File, Format Version 12.00
# Visual Studio Version 17
VisualStudioVersion = 17.8.34309.116
MinimumVisualStudioVersion = 10.0.40219.1
Project("{FAE04EC0-301F-11D3-BF4B-00C04F79EFBC}") = "L03T02", "L03T02.csproj", "{D3B865F6-576F-49D3-BB0C-ABD62736E481}"
EndProject
Global
	GlobalSection(SolutionConfigurationPlatforms) = preSolution
		Debug|Any CPU = Debug|Any CPU
		Release|Any CPU = Release|Any CPU
	EndGlobalSection
	GlobalSection(ProjectConfigurationPlatforms) = postSolution
		{D3B865F6-576F-49D3-BB0C-ABD62736E481}.Debug|Any CPU.ActiveCfg = Debug|Any CPU
		{D3B865F6-576F-49D3-BB0C-ABD62736E481}.Debug|Any CPU.Build.0 = Debug|Any CPU
		{D3B865F6-576F-49D3-BB0C-ABD62736E481}.Release|Any CPU.ActiveCfg = Release|Any CPU
		{D3B865F6-576F-49D3-BB0C-ABD62736E481}.Release|Any CPU.Build.0 = Release|Any CPU
	EndGlobalSection
	GlobalSection(SolutionProperties) = preSolution
		HideSolutionNode = FALSE
	EndGlobalSection
	GlobalSection(ExtensibilityGlobals) = postSolution
		SolutionGuid = {BBAD22C8-4F8B-441C-89EB-802736E3C137}
	EndGlobalSection
EndGlobal
