
Microsoft Visual Studio Solution File, Format Version 12.00
# Visual Studio Version 17
VisualStudioVersion = 17.8.34309.116
MinimumVisualStudioVersion = 10.0.40219.1
Project("{FAE04EC0-301F-11D3-BF4B-00C04F79EFBC}") = "05_Velka", "05_Velka.csproj", "{0AB6182A-8366-4AA8-A528-27E53A501961}"
EndProject
Global
	GlobalSection(SolutionConfigurationPlatforms) = preSolution
		Debug|Any CPU = Debug|Any CPU
		Release|Any CPU = Release|Any CPU
	EndGlobalSection
	GlobalSection(ProjectConfigurationPlatforms) = postSolution
		{0AB6182A-8366-4AA8-A528-27E53A501961}.Debug|Any CPU.ActiveCfg = Debug|Any CPU
		{0AB6182A-8366-4AA8-A528-27E53A501961}.Debug|Any CPU.Build.0 = Debug|Any CPU
		{0AB6182A-8366-4AA8-A528-27E53A501961}.Release|Any CPU.ActiveCfg = Release|Any CPU
		{0AB6182A-8366-4AA8-A528-27E53A501961}.Release|Any CPU.Build.0 = Release|Any CPU
	EndGlobalSection
	GlobalSection(SolutionProperties) = preSolution
		HideSolutionNode = FALSE
	EndGlobalSection
	GlobalSection(ExtensibilityGlobals) = postSolution
		SolutionGuid = {24B05951-2FEB-4E05-9C77-727BA5D530E9}
	EndGlobalSection
EndGlobal
