
Microsoft Visual Studio Solution File, Format Version 12.00
# Visual Studio Version 17
VisualStudioVersion = 17.8.34309.116
MinimumVisualStudioVersion = 10.0.40219.1
Project("{FAE04EC0-301F-11D3-BF4B-00C04F79EFBC}") = "L01T05", "L01T05.csproj", "{EED721EA-6BD8-460A-8C22-653A22A1A917}"
EndProject
Global
	GlobalSection(SolutionConfigurationPlatforms) = preSolution
		Debug|Any CPU = Debug|Any CPU
		Release|Any CPU = Release|Any CPU
	EndGlobalSection
	GlobalSection(ProjectConfigurationPlatforms) = postSolution
		{EED721EA-6BD8-460A-8C22-653A22A1A917}.Debug|Any CPU.ActiveCfg = Debug|Any CPU
		{EED721EA-6BD8-460A-8C22-653A22A1A917}.Debug|Any CPU.Build.0 = Debug|Any CPU
		{EED721EA-6BD8-460A-8C22-653A22A1A917}.Release|Any CPU.ActiveCfg = Release|Any CPU
		{EED721EA-6BD8-460A-8C22-653A22A1A917}.Release|Any CPU.Build.0 = Release|Any CPU
	EndGlobalSection
	GlobalSection(SolutionProperties) = preSolution
		HideSolutionNode = FALSE
	EndGlobalSection
	GlobalSection(ExtensibilityGlobals) = postSolution
		SolutionGuid = {55DB6CAE-43C2-42A1-8EF9-75B79586493F}
	EndGlobalSection
EndGlobal
