
Microsoft Visual Studio Solution File, Format Version 12.00
# Visual Studio Version 17
VisualStudioVersion = 17.8.34309.116
MinimumVisualStudioVersion = 10.0.40219.1
Project("{FAE04EC0-301F-11D3-BF4B-00C04F79EFBC}") = "L02T01", "L02T01.csproj", "{8AE9CF4A-CA30-4524-8DF6-3DD9609277AF}"
EndProject
Global
	GlobalSection(SolutionConfigurationPlatforms) = preSolution
		Debug|Any CPU = Debug|Any CPU
		Release|Any CPU = Release|Any CPU
	EndGlobalSection
	GlobalSection(ProjectConfigurationPlatforms) = postSolution
		{8AE9CF4A-CA30-4524-8DF6-3DD9609277AF}.Debug|Any CPU.ActiveCfg = Debug|Any CPU
		{8AE9CF4A-CA30-4524-8DF6-3DD9609277AF}.Debug|Any CPU.Build.0 = Debug|Any CPU
		{8AE9CF4A-CA30-4524-8DF6-3DD9609277AF}.Release|Any CPU.ActiveCfg = Release|Any CPU
		{8AE9CF4A-CA30-4524-8DF6-3DD9609277AF}.Release|Any CPU.Build.0 = Release|Any CPU
	EndGlobalSection
	GlobalSection(SolutionProperties) = preSolution
		HideSolutionNode = FALSE
	EndGlobalSection
	GlobalSection(ExtensibilityGlobals) = postSolution
		SolutionGuid = {D178C3ED-413F-478A-A6C1-CCFC898C3B9D}
	EndGlobalSection
EndGlobal
