
Microsoft Visual Studio Solution File, Format Version 12.00
# Visual Studio Version 17
VisualStudioVersion = 17.8.34309.116
MinimumVisualStudioVersion = 10.0.40219.1
Project("{FAE04EC0-301F-11D3-BF4B-00C04F79EFBC}") = "Eläinluokat", "Eläinluokat.csproj", "{72D3FB9B-A5CE-4A89-AF12-F3BF0C3ED7D9}"
EndProject
Global
	GlobalSection(SolutionConfigurationPlatforms) = preSolution
		Debug|Any CPU = Debug|Any CPU
		Release|Any CPU = Release|Any CPU
	EndGlobalSection
	GlobalSection(ProjectConfigurationPlatforms) = postSolution
		{72D3FB9B-A5CE-4A89-AF12-F3BF0C3ED7D9}.Debug|Any CPU.ActiveCfg = Debug|Any CPU
		{72D3FB9B-A5CE-4A89-AF12-F3BF0C3ED7D9}.Debug|Any CPU.Build.0 = Debug|Any CPU
		{72D3FB9B-A5CE-4A89-AF12-F3BF0C3ED7D9}.Release|Any CPU.ActiveCfg = Release|Any CPU
		{72D3FB9B-A5CE-4A89-AF12-F3BF0C3ED7D9}.Release|Any CPU.Build.0 = Release|Any CPU
	EndGlobalSection
	GlobalSection(SolutionProperties) = preSolution
		HideSolutionNode = FALSE
	EndGlobalSection
	GlobalSection(ExtensibilityGlobals) = postSolution
		SolutionGuid = {FD8B19C4-5635-4AB3-B346-B974899D6238}
	EndGlobalSection
EndGlobal
