
Microsoft Visual Studio Solution File, Format Version 12.00
# Visual Studio Version 17
VisualStudioVersion = 17.8.34309.116
MinimumVisualStudioVersion = 10.0.40219.1
Project("{FAE04EC0-301F-11D3-BF4B-00C04F79EFBC}") = "L01T01", "L01T01.csproj", "{FFAEC42C-8B7A-439A-AF30-9B5FC576F690}"
EndProject
Global
	GlobalSection(SolutionConfigurationPlatforms) = preSolution
		Debug|Any CPU = Debug|Any CPU
		Release|Any CPU = Release|Any CPU
	EndGlobalSection
	GlobalSection(ProjectConfigurationPlatforms) = postSolution
		{FFAEC42C-8B7A-439A-AF30-9B5FC576F690}.Debug|Any CPU.ActiveCfg = Debug|Any CPU
		{FFAEC42C-8B7A-439A-AF30-9B5FC576F690}.Debug|Any CPU.Build.0 = Debug|Any CPU
		{FFAEC42C-8B7A-439A-AF30-9B5FC576F690}.Release|Any CPU.ActiveCfg = Release|Any CPU
		{FFAEC42C-8B7A-439A-AF30-9B5FC576F690}.Release|Any CPU.Build.0 = Release|Any CPU
	EndGlobalSection
	GlobalSection(SolutionProperties) = preSolution
		HideSolutionNode = FALSE
	EndGlobalSection
	GlobalSection(ExtensibilityGlobals) = postSolution
		SolutionGuid = {F695ED9C-2496-43DC-B222-C28ED9E2E1E7}
	EndGlobalSection
EndGlobal
