
Microsoft Visual Studio Solution File, Format Version 12.00
# Visual Studio Version 17
VisualStudioVersion = 17.8.34309.116
MinimumVisualStudioVersion = 10.0.40219.1
Project("{FAE04EC0-301F-11D3-BF4B-00C04F79EFBC}") = "06_Musiikkikappale", "06_Musiikkikappale.csproj", "{2EC09242-1CB9-436C-9DEF-41421B864FBA}"
EndProject
Global
	GlobalSection(SolutionConfigurationPlatforms) = preSolution
		Debug|Any CPU = Debug|Any CPU
		Release|Any CPU = Release|Any CPU
	EndGlobalSection
	GlobalSection(ProjectConfigurationPlatforms) = postSolution
		{2EC09242-1CB9-436C-9DEF-41421B864FBA}.Debug|Any CPU.ActiveCfg = Debug|Any CPU
		{2EC09242-1CB9-436C-9DEF-41421B864FBA}.Debug|Any CPU.Build.0 = Debug|Any CPU
		{2EC09242-1CB9-436C-9DEF-41421B864FBA}.Release|Any CPU.ActiveCfg = Release|Any CPU
		{2EC09242-1CB9-436C-9DEF-41421B864FBA}.Release|Any CPU.Build.0 = Release|Any CPU
	EndGlobalSection
	GlobalSection(SolutionProperties) = preSolution
		HideSolutionNode = FALSE
	EndGlobalSection
	GlobalSection(ExtensibilityGlobals) = postSolution
		SolutionGuid = {8C05BD1F-74B3-412A-8899-8123ED54DDED}
	EndGlobalSection
EndGlobal
