
Microsoft Visual Studio Solution File, Format Version 12.00
# Visual Studio Version 17
VisualStudioVersion = 17.8.34309.116
MinimumVisualStudioVersion = 10.0.40219.1
Project("{FAE04EC0-301F-11D3-BF4B-00C04F79EFBC}") = "L02T02", "L02T02.csproj", "{B0463F87-B793-4C1D-B5F4-B4DA8E85098B}"
EndProject
Global
	GlobalSection(SolutionConfigurationPlatforms) = preSolution
		Debug|Any CPU = Debug|Any CPU
		Release|Any CPU = Release|Any CPU
	EndGlobalSection
	GlobalSection(ProjectConfigurationPlatforms) = postSolution
		{B0463F87-B793-4C1D-B5F4-B4DA8E85098B}.Debug|Any CPU.ActiveCfg = Debug|Any CPU
		{B0463F87-B793-4C1D-B5F4-B4DA8E85098B}.Debug|Any CPU.Build.0 = Debug|Any CPU
		{B0463F87-B793-4C1D-B5F4-B4DA8E85098B}.Release|Any CPU.ActiveCfg = Release|Any CPU
		{B0463F87-B793-4C1D-B5F4-B4DA8E85098B}.Release|Any CPU.Build.0 = Release|Any CPU
	EndGlobalSection
	GlobalSection(SolutionProperties) = preSolution
		HideSolutionNode = FALSE
	EndGlobalSection
	GlobalSection(ExtensibilityGlobals) = postSolution
		SolutionGuid = {92E2E046-3B82-4D59-A590-87C3F3E6AD35}
	EndGlobalSection
EndGlobal
