
Microsoft Visual Studio Solution File, Format Version 12.00
# Visual Studio Version 17
VisualStudioVersion = 17.4.33205.214
MinimumVisualStudioVersion = 10.0.40219.1
Project("{FAE04EC0-301F-11D3-BF4B-00C04F79EFBC}") = "L01T02", "L01T02\L01T02.csproj", "{6D4931A9-ED34-4929-A31F-6276094A7FC9}"
EndProject
Project("{FAE04EC0-301F-11D3-BF4B-00C04F79EFBC}") = "L01T03", "L01T03\L01T03.csproj", "{A047DFD6-688A-4C2E-8346-56333DA53771}"
EndProject
Global
	GlobalSection(SolutionConfigurationPlatforms) = preSolution
		Debug|Any CPU = Debug|Any CPU
		Release|Any CPU = Release|Any CPU
	EndGlobalSection
	GlobalSection(ProjectConfigurationPlatforms) = postSolution
		{6D4931A9-ED34-4929-A31F-6276094A7FC9}.Debug|Any CPU.ActiveCfg = Debug|Any CPU
		{6D4931A9-ED34-4929-A31F-6276094A7FC9}.Debug|Any CPU.Build.0 = Debug|Any CPU
		{6D4931A9-ED34-4929-A31F-6276094A7FC9}.Release|Any CPU.ActiveCfg = Release|Any CPU
		{6D4931A9-ED34-4929-A31F-6276094A7FC9}.Release|Any CPU.Build.0 = Release|Any CPU
		{A047DFD6-688A-4C2E-8346-56333DA53771}.Debug|Any CPU.ActiveCfg = Debug|Any CPU
		{A047DFD6-688A-4C2E-8346-56333DA53771}.Debug|Any CPU.Build.0 = Debug|Any CPU
		{A047DFD6-688A-4C2E-8346-56333DA53771}.Release|Any CPU.ActiveCfg = Release|Any CPU
		{A047DFD6-688A-4C2E-8346-56333DA53771}.Release|Any CPU.Build.0 = Release|Any CPU
	EndGlobalSection
	GlobalSection(SolutionProperties) = preSolution
		HideSolutionNode = FALSE
	EndGlobalSection
	GlobalSection(ExtensibilityGlobals) = postSolution
		SolutionGuid = {1672C411-8152-428A-B17B-42D9D9AEAF0E}
	EndGlobalSection
EndGlobal
