
Microsoft Visual Studio Solution File, Format Version 12.00
# Visual Studio Version 17
VisualStudioVersion = 17.8.34309.116
MinimumVisualStudioVersion = 10.0.40219.1
Project("{FAE04EC0-301F-11D3-BF4B-00C04F79EFBC}") = "L05T01", "L05T01.csproj", "{7D99DCD8-BA5C-4F84-9261-31DF7A870913}"
EndProject
Global
	GlobalSection(SolutionConfigurationPlatforms) = preSolution
		Debug|Any CPU = Debug|Any CPU
		Release|Any CPU = Release|Any CPU
	EndGlobalSection
	GlobalSection(ProjectConfigurationPlatforms) = postSolution
		{7D99DCD8-BA5C-4F84-9261-31DF7A870913}.Debug|Any CPU.ActiveCfg = Debug|Any CPU
		{7D99DCD8-BA5C-4F84-9261-31DF7A870913}.Debug|Any CPU.Build.0 = Debug|Any CPU
		{7D99DCD8-BA5C-4F84-9261-31DF7A870913}.Release|Any CPU.ActiveCfg = Release|Any CPU
		{7D99DCD8-BA5C-4F84-9261-31DF7A870913}.Release|Any CPU.Build.0 = Release|Any CPU
	EndGlobalSection
	GlobalSection(SolutionProperties) = preSolution
		HideSolutionNode = FALSE
	EndGlobalSection
	GlobalSection(ExtensibilityGlobals) = postSolution
		SolutionGuid = {445813CD-79B2-4792-A2B2-1BFD3BF65969}
	EndGlobalSection
EndGlobal
